// !$*UTF8*$!
{
	archiveVersion = 1;
	classes = {
	};
	objectVersion = 50;
	objects = {

/* Begin PBXBuildFile section */
		FFED419223C1CFAB0018ED42 /* AppDelegate.m in Sources */ = {isa = PBXBuildFile; fileRef = FFED419123C1CFAB0018ED42 /* AppDelegate.m */; };
		FFED419523C1CFAB0018ED42 /* SceneDelegate.m in Sources */ = {isa = PBXBuildFile; fileRef = FFED419423C1CFAB0018ED42 /* SceneDelegate.m */; };
		FFED419823C1CFAB0018ED42 /* ViewController.m in Sources */ = {isa = PBXBuildFile; fileRef = FFED419723C1CFAB0018ED42 /* ViewController.m */; };
		FFED419B23C1CFAB0018ED42 /* Main.storyboard in Resources */ = {isa = PBXBuildFile; fileRef = FFED419923C1CFAB0018ED42 /* Main.storyboard */; };
		FFED419D23C1CFAE0018ED42 /* Assets.xcassets in Resources */ = {isa = PBXBuildFile; fileRef = FFED419C23C1CFAE0018ED42 /* Assets.xcassets */; };
		FFED41A023C1CFAE0018ED42 /* LaunchScreen.storyboard in Resources */ = {isa = PBXBuildFile; fileRef = FFED419E23C1CFAE0018ED42 /* LaunchScreen.storyboard */; };
		FFED41A323C1CFAE0018ED42 /* main.m in Sources */ = {isa = PBXBuildFile; fileRef = FFED41A223C1CFAE0018ED42 /* main.m */; };
		FFED41AB23C1D2330018ED42 /* TimerUsedCtr.m in Sources */ = {isa = PBXBuildFile; fileRef = FFED41AA23C1D2330018ED42 /* TimerUsedCtr.m */; };
		FFED41AE23C1D2860018ED42 /* ImagesScrollController.m in Sources */ = {isa = PBXBuildFile; fileRef = FFED41AD23C1D2860018ED42 /* ImagesScrollController.m */; };
/* End PBXBuildFile section */

/* Begin PBXFileReference section */
		FFED418D23C1CFAB0018ED42 /* RunLoopDemo.app */ = {isa = PBXFileReference; explicitFileType = wrapper.application; includeInIndex = 0; path = RunLoopDemo.app; sourceTree = BUILT_PRODUCTS_DIR; };
		FFED419023C1CFAB0018ED42 /* AppDelegate.h */ = {isa = PBXFileReference; lastKnownFileType = sourcecode.c.h; path = AppDelegate.h; sourceTree = "<group>"; };
		FFED419123C1CFAB0018ED42 /* AppDelegate.m */ = {isa = PBXFileReference; lastKnownFileType = sourcecode.c.objc; path = AppDelegate.m; sourceTree = "<group>"; };
		FFED419323C1CFAB0018ED42 /* SceneDelegate.h */ = {isa = PBXFileReference; lastKnownFileType = sourcecode.c.h; path = SceneDelegate.h; sourceTree = "<group>"; };
		FFED419423C1CFAB0018ED42 /* SceneDelegate.m */ = {isa = PBXFileReference; lastKnownFileType = sourcecode.c.objc; path = SceneDelegate.m; sourceTree = "<group>"; };
		FFED419623C1CFAB0018ED42 /* ViewController.h */ = {isa = PBXFileReference; lastKnownFileType = sourcecode.c.h; path = ViewController.h; sourceTree = "<group>"; };
		FFED419723C1CFAB0018ED42 /* ViewController.m */ = {isa = PBXFileReference; lastKnownFileType = sourcecode.c.objc; path = ViewController.m; sourceTree = "<group>"; };
		FFED419A23C1CFAB0018ED42 /* Base */ = {isa = PBXFileReference; lastKnownFileType = file.storyboard; name = Base; path = Base.lproj/Main.storyboard; sourceTree = "<group>"; };
		FFED419C23C1CFAE0018ED42 /* Assets.xcassets */ = {isa = PBXFileReference; lastKnownFileType = folder.assetcatalog; path = Assets.xcassets; sourceTree = "<group>"; };
		FFED419F23C1CFAE0018ED42 /* Base */ = {isa = PBXFileReference; lastKnownFileType = file.storyboard; name = Base; path = Base.lproj/LaunchScreen.storyboard; sourceTree = "<group>"; };
		FFED41A123C1CFAE0018ED42 /* Info.plist */ = {isa = PBXFileReference; lastKnownFileType = text.plist.xml; path = Info.plist; sourceTree = "<group>"; };
		FFED41A223C1CFAE0018ED42 /* main.m */ = {isa = PBXFileReference; lastKnownFileType = sourcecode.c.objc; path = main.m; sourceTree = "<group>"; };
		FFED41A923C1D2330018ED42 /* TimerUsedCtr.h */ = {isa = PBXFileReference; lastKnownFileType = sourcecode.c.h; path = TimerUsedCtr.h; sourceTree = "<group>"; };
		FFED41AA23C1D2330018ED42 /* TimerUsedCtr.m */ = {isa = PBXFileReference; lastKnownFileType = sourcecode.c.objc; path = TimerUsedCtr.m; sourceTree = "<group>"; };
		FFED41AC23C1D2860018ED42 /* ImagesScrollController.h */ = {isa = PBXFileReference; lastKnownFileType = sourcecode.c.h; path = ImagesScrollController.h; sourceTree = "<group>"; };
		FFED41AD23C1D2860018ED42 /* ImagesScrollController.m */ = {isa = PBXFileReference; lastKnownFileType = sourcecode.c.objc; path = ImagesScrollController.m; sourceTree = "<group>"; };
/* End PBXFileReference section */

/* Begin PBXFrameworksBuildPhase section */
		FFED418A23C1CFAB0018ED42 /* Frameworks */ = {
			isa = PBXFrameworksBuildPhase;
			buildActionMask = 2147483647;
			files = (
			);
			runOnlyForDeploymentPostprocessing = 0;
		};
/* End PBXFrameworksBuildPhase section */

/* Begin PBXGroup section */
		FFED418423C1CFAA0018ED42 = {
			isa = PBXGroup;
			children = (
				FFED418F23C1CFAB0018ED42 /* RunLoopDemo */,
				FFED418E23C1CFAB0018ED42 /* Products */,
			);
			sourceTree = "<group>";
		};
		FFED418E23C1CFAB0018ED42 /* Products */ = {
			isa = PBXGroup;
			children = (
				FFED418D23C1CFAB0018ED42 /* RunLoopDemo.app */,
			);
			name = Products;
			sourceTree = "<group>";
		};
		FFED418F23C1CFAB0018ED42 /* RunLoopDemo */ = {
			isa = PBXGroup;
			children = (
				FFED419023C1CFAB0018ED42 /* AppDelegate.h */,
				FFED419123C1CFAB0018ED42 /* AppDelegate.m */,
				FFED419323C1CFAB0018ED42 /* SceneDelegate.h */,
				FFED419423C1CFAB0018ED42 /* SceneDelegate.m */,
				FFED419623C1CFAB0018ED42 /* ViewController.h */,
				FFED419723C1CFAB0018ED42 /* ViewController.m */,
				FFED41A923C1D2330018ED42 /* TimerUsedCtr.h */,
				FFED41AA23C1D2330018ED42 /* TimerUsedCtr.m */,
				FFED41AC23C1D2860018ED42 /* ImagesScrollController.h */,
				FFED41AD23C1D2860018ED42 /* ImagesScrollController.m */,
				FFED419923C1CFAB0018ED42 /* Main.storyboard */,
				FFED419C23C1CFAE0018ED42 /* Assets.xcassets */,
				FFED419E23C1CFAE0018ED42 /* LaunchScreen.storyboard */,
				FFED41A123C1CFAE0018ED42 /* Info.plist */,
				FFED41A223C1CFAE0018ED42 /* main.m */,
			);
			path = RunLoopDemo;
			sourceTree = "<group>";
		};
/* End PBXGroup section */

/* Begin PBXNativeTarget section */
		FFED418C23C1CFAB0018ED42 /* RunLoopDemo */ = {
			isa = PBXNativeTarget;
			buildConfigurationList = FFED41A623C1CFAE0018ED42 /* Build configuration list for PBXNativeTarget "RunLoopDemo" */;
			buildPhases = (
				FFED418923C1CFAB0018ED42 /* Sources */,
				FFED418A23C1CFAB0018ED42 /* Frameworks */,
				FFED418B23C1CFAB0018ED42 /* Resources */,
			);
			buildRules = (
			);
			dependencies = (
			);
			name = RunLoopDemo;
			productName = RunLoopDemo;
			productReference = FFED418D23C1CFAB0018ED42 /* RunLoopDemo.app */;
			productType = "com.apple.product-type.application";
		};
/* End PBXNativeTarget section */

/* Begin PBXProject section */
		FFED418523C1CFAA0018ED42 /* Project object */ = {
			isa = PBXProject;
			attributes = {
				LastUpgradeCheck = 1120;
				ORGANIZATIONNAME = MrChen;
				TargetAttributes = {
					FFED418C23C1CFAB0018ED42 = {
						CreatedOnToolsVersion = 11.2;
					};
				};
			};
			buildConfigurationList = FFED418823C1CFAA0018ED42 /* Build configuration list for PBXProject "RunLoopDemo" */;
			compatibilityVersion = "Xcode 9.3";
			developmentRegion = en;
			hasScannedForEncodings = 0;
			knownRegions = (
				en,
				Base,
			);
			mainGroup = FFED418423C1CFAA0018ED42;
			productRefGroup = FFED418E23C1CFAB0018ED42 /* Products */;
			projectDirPath = "";
			projectRoot = "";
			targets = (
				FFED418C23C1CFAB0018ED42 /* RunLoopDemo */,
			);
		};
/* End PBXProject section */

/* Begin PBXResourcesBuildPhase section */
		FFED418B23C1CFAB0018ED42 /* Resources */ = {
			isa = PBXResourcesBuildPhase;
			buildActionMask = 2147483647;
			files = (
				FFED41A023C1CFAE0018ED42 /* LaunchScreen.storyboard in Resources */,
				FFED419D23C1CFAE0018ED42 /* Assets.xcassets in Resources */,
				FFED419B23C1CFAB0018ED42 /* Main.storyboard in Resources */,
			);
			runOnlyForDeploymentPostprocessing = 0;
		};
/* End PBXResourcesBuildPhase section */

/* Begin PBXSourcesBuildPhase section */
		FFED418923C1CFAB0018ED42 /* Sources */ = {
			isa = PBXSourcesBuildPhase;
			buildActionMask = 2147483647;
			files = (
				FFED419823C1CFAB0018ED42 /* ViewController.m in Sources */,
				FFED419223C1CFAB0018ED42 /* AppDelegate.m in Sources */,
				FFED41A323C1CFAE0018ED42 /* main.m in Sources */,
				FFED41AB23C1D2330018ED42 /* TimerUsedCtr.m in Sources */,
				FFED41AE23C1D2860018ED42 /* ImagesScrollController.m in Sources */,
				FFED419523C1CFAB0018ED42 /* SceneDelegate.m in Sources */,
			);
			runOnlyForDeploymentPostprocessing = 0;
		};
/* End PBXSourcesBuildPhase section */

/* Begin PBXVariantGroup section */
		FFED419923C1CFAB0018ED42 /* Main.storyboard */ = {
			isa = PBXVariantGroup;
			children = (
				FFED419A23C1CFAB0018ED42 /* Base */,
			);
			name = Main.storyboard;
			sourceTree = "<group>";
		};
		FFED419E23C1CFAE0018ED42 /* LaunchScreen.storyboard */ = {
			isa = PBXVariantGroup;
			children = (
				FFED419F23C1CFAE0018ED42 /* Base */,
			);
			name = LaunchScreen.storyboard;
			sourceTree = "<group>";
		};
/* End PBXVariantGroup section */

/* Begin XCBuildConfiguration section */
		FFED41A423C1CFAE0018ED42 /* Debug */ = {
			isa = XCBuildConfiguration;
			buildSettings = {
				ALWAYS_SEARCH_USER_PATHS = NO;
				CLANG_ANALYZER_NONNULL = YES;
				CLANG_ANALYZER_NUMBER_OBJECT_CONVERSION = YES_AGGRESSIVE;
				CLANG_CXX_LANGUAGE_STANDARD = "gnu++14";
				CLANG_CXX_LIBRARY = "libc++";
				CLANG_ENABLE_MODULES = YES;
				CLANG_ENABLE_OBJC_ARC = YES;
				CLANG_ENABLE_OBJC_WEAK = YES;
				CLANG_WARN_BLOCK_CAPTURE_AUTORELEASING = YES;
				CLANG_WARN_BOOL_CONVERSION = YES;
				CLANG_WARN_COMMA = YES;
				CLANG_WARN_CONSTANT_CONVERSION = YES;
				CLANG_WARN_DEPRECATED_OBJC_IMPLEMENTATIONS = YES;
				CLANG_WARN_DIRECT_OBJC_ISA_USAGE = YES_ERROR;
				CLANG_WARN_DOCUMENTATION_COMMENTS = YES;
				CLANG_WARN_EMPTY_BODY = YES;
				CLANG_WARN_ENUM_CONVERSION = YES;
				CLANG_WARN_INFINITE_RECURSION = YES;
				CLANG_WARN_INT_CONVERSION = YES;
				CLANG_WARN_NON_LITERAL_NULL_CONVERSION = YES;
				CLANG_WARN_OBJC_IMPLICIT_RETAIN_SELF = YES;
				CLANG_WARN_OBJC_LITERAL_CONVERSION = YES;
				CLANG_WARN_OBJC_ROOT_CLASS = YES_ERROR;
				CLANG_WARN_RANGE_LOOP_ANALYSIS = YES;
				CLANG_WARN_STRICT_PROTOTYPES = YES;
				CLANG_WARN_SUSPICIOUS_MOVE = YES;
				CLANG_WARN_UNGUARDED_AVAILABILITY = YES_AGGRESSIVE;
				CLANG_WARN_UNREACHABLE_CODE = YES;
				CLANG_WARN__DUPLICATE_METHOD_MATCH = YES;
				COPY_PHASE_STRIP = NO;
				DEBUG_INFORMATION_FORMAT = dwarf;
				ENABLE_STRICT_OBJC_MSGSEND = YES;
				ENABLE_TESTABILITY = YES;
				GCC_C_LANGUAGE_STANDARD = gnu11;
				GCC_DYNAMIC_NO_PIC = NO;
				GCC_NO_COMMON_BLOCKS = YES;
				GCC_OPTIMIZATION_LEVEL = 0;
				GCC_PREPROCESSOR_DEFINITIONS = (
					"DEBUG=1",
					"$(inherited)",
				);
				GCC_WARN_64_TO_32_BIT_CONVERSION = YES;
				GCC_WARN_ABOUT_RETURN_TYPE = YES_ERROR;
				GCC_WARN_UNDECLARED_SELECTOR = YES;
				GCC_WARN_UNINITIALIZED_AUTOS = YES_AGGRESSIVE;
				GCC_WARN_UNUSED_FUNCTION = YES;
				GCC_WARN_UNUSED_VARIABLE = YES;
				IPHONEOS_DEPLOYMENT_TARGET = 13.2;
				MTL_ENABLE_DEBUG_INFO = INCLUDE_SOURCE;
				MTL_FAST_MATH = YES;
				ONLY_ACTIVE_ARCH = YES;
				SDKROOT = iphoneos;
			};
			name = Debug;
		};
		FFED41A523C1CFAE0018ED42 /* Release */ = {
			isa = XCBuildConfiguration;
			buildSettings = {
				ALWAYS_SEARCH_USER_PATHS = NO;
				CLANG_ANALYZER_NONNULL = YES;
				CLANG_ANALYZER_NUMBER_OBJECT_CONVERSION = YES_AGGRESSIVE;
				CLANG_CXX_LANGUAGE_STANDARD = "gnu++14";
				CLANG_CXX_LIBRARY = "libc++";
				CLANG_ENABLE_MODULES = YES;
				CLANG_ENABLE_OBJC_ARC = YES;
				CLANG_ENABLE_OBJC_WEAK = YES;
				CLANG_WARN_BLOCK_CAPTURE_AUTORELEASING = YES;
				CLANG_WARN_BOOL_CONVERSION = YES;
				CLANG_WARN_COMMA = YES;
				CLANG_WARN_CONSTANT_CONVERSION = YES;
				CLANG_WARN_DEPRECATED_OBJC_IMPLEMENTATIONS = YES;
				CLANG_WARN_DIRECT_OBJC_ISA_USAGE = YES_ERROR;
				CLANG_WARN_DOCUMENTATION_COMMENTS = YES;
				CLANG_WARN_EMPTY_BODY = YES;
				CLANG_WARN_ENUM_CONVERSION = YES;
				CLANG_WARN_INFINITE_RECURSION = YES;
				CLANG_WARN_INT_CONVERSION = YES;
				CLANG_WARN_NON_LITERAL_NULL_CONVERSION = YES;
				CLANG_WARN_OBJC_IMPLICIT_RETAIN_SELF = YES;
				CLANG_WARN_OBJC_LITERAL_CONVERSION = YES;
				CLANG_WARN_OBJC_ROOT_CLASS = YES_ERROR;
				CLANG_WARN_RANGE_LOOP_ANALYSIS = YES;
				CLANG_WARN_STRICT_PROTOTYPES = YES;
				CLANG_WARN_SUSPICIOUS_MOVE = YES;
				CLANG_WARN_UNGUARDED_AVAILABILITY = YES_AGGRESSIVE;
				CLANG_WARN_UNREACHABLE_CODE = YES;
				CLANG_WARN__DUPLICATE_METHOD_MATCH = YES;
				COPY_PHASE_STRIP = NO;
				DEBUG_INFORMATION_FORMAT = "dwarf-with-dsym";
				ENABLE_NS_ASSERTIONS = NO;
				ENABLE_STRICT_OBJC_MSGSEND = YES;
				GCC_C_LANGUAGE_STANDARD = gnu11;
				GCC_NO_COMMON_BLOCKS = YES;
				GCC_WARN_64_TO_32_BIT_CONVERSION = YES;
				GCC_WARN_ABOUT_RETURN_TYPE = YES_ERROR;
				GCC_WARN_UNDECLARED_SELECTOR = YES;
				GCC_WARN_UNINITIALIZED_AUTOS = YES_AGGRESSIVE;
				GCC_WARN_UNUSED_FUNCTION = YES;
				GCC_WARN_UNUSED_VARIABLE = YES;
				IPHONEOS_DEPLOYMENT_TARGET = 13.2;
				MTL_ENABLE_DEBUG_INFO = NO;
				MTL_FAST_MATH = YES;
				SDKROOT = iphoneos;
				VALIDATE_PRODUCT = YES;
			};
			name = Release;
		};
		FFED41A723C1CFAE0018ED42 /* Debug */ = {
			isa = XCBuildConfiguration;
			buildSettings = {
				ASSETCATALOG_COMPILER_APPICON_NAME = AppIcon;
				CODE_SIGN_STYLE = Automatic;
				INFOPLIST_FILE = RunLoopDemo/Info.plist;
				LD_RUNPATH_SEARCH_PATHS = (
					"$(inherited)",
					"@executable_path/Frameworks",
				);
				PRODUCT_BUNDLE_IDENTIFIER = com.test.RunLoopDemo;
				PRODUCT_NAME = "$(TARGET_NAME)";
				TARGETED_DEVICE_FAMILY = "1,2";
			};
			name = Debug;
		};
		FFED41A823C1CFAE0018ED42 /* Release */ = {
			isa = XCBuildConfiguration;
			buildSettings = {
				ASSETCATALOG_COMPILER_APPICON_NAME = AppIcon;
				CODE_SIGN_STYLE = Automatic;
				INFOPLIST_FILE = RunLoopDemo/Info.plist;
				LD_RUNPATH_SEARCH_PATHS = (
					"$(inherited)",
					"@executable_path/Frameworks",
				);
				PRODUCT_BUNDLE_IDENTIFIER = com.test.RunLoopDemo;
				PRODUCT_NAME = "$(TARGET_NAME)";
				TARGETED_DEVICE_FAMILY = "1,2";
			};
			name = Release;
		};
/* End XCBuildConfiguration section */

/* Begin XCConfigurationList section */
		FFED418823C1CFAA0018ED42 /* Build configuration list for PBXProject "RunLoopDemo" */ = {
			isa = XCConfigurationList;
			buildConfigurations = (
				FFED41A423C1CFAE0018ED42 /* Debug */,
				FFED41A523C1CFAE0018ED42 /* Release */,
			);
			defaultConfigurationIsVisible = 0;
			defaultConfigurationName = Release;
		};
		FFED41A623C1CFAE0018ED42 /* Build configuration list for PBXNativeTarget "RunLoopDemo" */ = {
			isa = XCConfigurationList;
			buildConfigurations = (
				FFED41A723C1CFAE0018ED42 /* Debug */,
				FFED41A823C1CFAE0018ED42 /* Release */,
			);
			defaultConfigurationIsVisible = 0;
			defaultConfigurationName = Release;
		};
/* End XCConfigurationList section */
	};
	rootObject = FFED418523C1CFAA0018ED42 /* Project object */;
}
